
Microsoft Visual Studio Solution File, Format Version 12.00
# Visual Studio 15
VisualStudioVersion = 15.0.27130.2027
MinimumVisualStudioVersion = 10.0.40219.1
Project("{FAE04EC0-301F-11D3-BF4B-00C04F79EFBC}") = "Hvac.Android", "Hvac\Hvac.Android\Hvac.Android.csproj", "{20CC177B-E4EA-4527-9FF0-463AEC01A756}"
EndProject
Project("{FAE04EC0-301F-11D3-BF4B-00C04F79EFBC}") = "Hvac.iOS", "Hvac\Hvac.iOS\Hvac.iOS.csproj", "{59EB3F55-EF92-45A1-A6F0-9C8190741774}"
EndProject
Project("{FAE04EC0-301F-11D3-BF4B-00C04F79EFBC}") = "Hvac.UWP", "Hvac\Hvac.UWP\Hvac.UWP.csproj", "{756E5E4A-A4A9-4E25-BEAD-DDFA805E1655}"
EndProject
Project("{D954291E-2A0B-460D-934E-DC6B0785DB48}") = "Hvac", "Hvac\Hvac\Hvac.shproj", "{35ED5151-4BE0-4E5D-AF76-CC84CFD6EA3D}"
EndProject
Project("{FAE04EC0-301F-11D3-BF4B-00C04F79EFBC}") = "Hvac.Core", "Hvac.Core\Hvac.Core.csproj", "{824E981A-1AE5-43FA-B3A2-F1C1C2E21F4F}"
EndProject
Project("{FAE04EC0-301F-11D3-BF4B-00C04F79EFBC}") = "Hvac.Web", "Hvac.Web\Hvac.Web.csproj", "{F19FB80F-979C-4B2B-A2EA-1F67B312ECFD}"
EndProject
Project("{FAE04EC0-301F-11D3-BF4B-00C04F79EFBC}") = "Hvac.Web.Tests", "Hvac.Web.Tests\Hvac.Web.Tests.csproj", "{28C462B2-1B92-4398-B02B-B5DF4295B120}"
EndProject
Project("{FAE04EC0-301F-11D3-BF4B-00C04F79EFBC}") = "HvacWeb", "HvacWeb\HvacWeb.csproj", "{68D8F35F-99F8-4493-A9D2-8BC28DD37150}"
EndProject
Global
	GlobalSection(SharedMSBuildProjectFiles) = preSolution
		Hvac\Hvac\Hvac.projitems*{20cc177b-e4ea-4527-9ff0-463aec01a756}*SharedItemsImports = 4
		Hvac\Hvac\Hvac.projitems*{35ed5151-4be0-4e5d-af76-cc84cfd6ea3d}*SharedItemsImports = 13
		Hvac\Hvac\Hvac.projitems*{59eb3f55-ef92-45a1-a6f0-9c8190741774}*SharedItemsImports = 4
		Hvac\Hvac\Hvac.projitems*{756e5e4a-a4a9-4e25-bead-ddfa805e1655}*SharedItemsImports = 4
	EndGlobalSection
	GlobalSection(SolutionConfigurationPlatforms) = preSolution
		Ad-Hoc|Any CPU = Ad-Hoc|Any CPU
		Ad-Hoc|ARM = Ad-Hoc|ARM
		Ad-Hoc|iPhone = Ad-Hoc|iPhone
		Ad-Hoc|iPhoneSimulator = Ad-Hoc|iPhoneSimulator
		Ad-Hoc|x64 = Ad-Hoc|x64
		Ad-Hoc|x86 = Ad-Hoc|x86
		AppStore|Any CPU = AppStore|Any CPU
		AppStore|ARM = AppStore|ARM
		AppStore|iPhone = AppStore|iPhone
		AppStore|iPhoneSimulator = AppStore|iPhoneSimulator
		AppStore|x64 = AppStore|x64
		AppStore|x86 = AppStore|x86
		Debug|Any CPU = Debug|Any CPU
		Debug|ARM = Debug|ARM
		Debug|iPhone = Debug|iPhone
		Debug|iPhoneSimulator = Debug|iPhoneSimulator
		Debug|x64 = Debug|x64
		Debug|x86 = Debug|x86
		Release|Any CPU = Release|Any CPU
		Release|ARM = Release|ARM
		Release|iPhone = Release|iPhone
		Release|iPhoneSimulator = Release|iPhoneSimulator
		Release|x64 = Release|x64
		Release|x86 = Release|x86
	EndGlobalSection
	GlobalSection(ProjectConfigurationPlatforms) = postSolution
		{20CC177B-E4EA-4527-9FF0-463AEC01A756}.Ad-Hoc|Any CPU.ActiveCfg = Release|Any CPU
		{20CC177B-E4EA-4527-9FF0-463AEC01A756}.Ad-Hoc|Any CPU.Build.0 = Release|Any CPU
		{20CC177B-E4EA-4527-9FF0-463AEC01A756}.Ad-Hoc|Any CPU.Deploy.0 = Release|Any CPU
		{20CC177B-E4EA-4527-9FF0-463AEC01A756}.Ad-Hoc|ARM.ActiveCfg = Release|Any CPU
		{20CC177B-E4EA-4527-9FF0-463AEC01A756}.Ad-Hoc|ARM.Build.0 = Release|Any CPU
		{20CC177B-E4EA-4527-9FF0-463AEC01A756}.Ad-Hoc|ARM.Deploy.0 = Release|Any CPU
		{20CC177B-E4EA-4527-9FF0-463AEC01A756}.Ad-Hoc|iPhone.ActiveCfg = Release|Any CPU
		{20CC177B-E4EA-4527-9FF0-463AEC01A756}.Ad-Hoc|iPhone.Build.0 = Release|Any CPU
		{20CC177B-E4EA-4527-9FF0-463AEC01A756}.Ad-Hoc|iPhone.Deploy.0 = Release|Any CPU
		{20CC177B-E4EA-4527-9FF0-463AEC01A756}.Ad-Hoc|iPhoneSimulator.ActiveCfg = Release|Any CPU
		{20CC177B-E4EA-4527-9FF0-463AEC01A756}.Ad-Hoc|iPhoneSimulator.Build.0 = Release|Any CPU
		{20CC177B-E4EA-4527-9FF0-463AEC01A756}.Ad-Hoc|iPhoneSimulator.Deploy.0 = Release|Any CPU
		{20CC177B-E4EA-4527-9FF0-463AEC01A756}.Ad-Hoc|x64.ActiveCfg = Release|Any CPU
		{20CC177B-E4EA-4527-9FF0-463AEC01A756}.Ad-Hoc|x64.Build.0 = Release|Any CPU
		{20CC177B-E4EA-4527-9FF0-463AEC01A756}.Ad-Hoc|x64.Deploy.0 = Release|Any CPU
		{20CC177B-E4EA-4527-9FF0-463AEC01A756}.Ad-Hoc|x86.ActiveCfg = Release|Any CPU
		{20CC177B-E4EA-4527-9FF0-463AEC01A756}.Ad-Hoc|x86.Build.0 = Release|Any CPU
		{20CC177B-E4EA-4527-9FF0-463AEC01A756}.Ad-Hoc|x86.Deploy.0 = Release|Any CPU
		{20CC177B-E4EA-4527-9FF0-463AEC01A756}.AppStore|Any CPU.ActiveCfg = Release|Any CPU
		{20CC177B-E4EA-4527-9FF0-463AEC01A756}.AppStore|Any CPU.Build.0 = Release|Any CPU
		{20CC177B-E4EA-4527-9FF0-463AEC01A756}.AppStore|Any CPU.Deploy.0 = Release|Any CPU
		{20CC177B-E4EA-4527-9FF0-463AEC01A756}.AppStore|ARM.ActiveCfg = Release|Any CPU
		{20CC177B-E4EA-4527-9FF0-463AEC01A756}.AppStore|ARM.Build.0 = Release|Any CPU
		{20CC177B-E4EA-4527-9FF0-463AEC01A756}.AppStore|ARM.Deploy.0 = Release|Any CPU
		{20CC177B-E4EA-4527-9FF0-463AEC01A756}.AppStore|iPhone.ActiveCfg = Release|Any CPU
		{20CC177B-E4EA-4527-9FF0-463AEC01A756}.AppStore|iPhone.Build.0 = Release|Any CPU
		{20CC177B-E4EA-4527-9FF0-463AEC01A756}.AppStore|iPhone.Deploy.0 = Release|Any CPU
		{20CC177B-E4EA-4527-9FF0-463AEC01A756}.AppStore|iPhoneSimulator.ActiveCfg = Release|Any CPU
		{20CC177B-E4EA-4527-9FF0-463AEC01A756}.AppStore|iPhoneSimulator.Build.0 = Release|Any CPU
		{20CC177B-E4EA-4527-9FF0-463AEC01A756}.AppStore|iPhoneSimulator.Deploy.0 = Release|Any CPU
		{20CC177B-E4EA-4527-9FF0-463AEC01A756}.AppStore|x64.ActiveCfg = Release|Any CPU
		{20CC177B-E4EA-4527-9FF0-463AEC01A756}.AppStore|x64.Build.0 = Release|Any CPU
		{20CC177B-E4EA-4527-9FF0-463AEC01A756}.AppStore|x64.Deploy.0 = Release|Any CPU
		{20CC177B-E4EA-4527-9FF0-463AEC01A756}.AppStore|x86.ActiveCfg = Release|Any CPU
		{20CC177B-E4EA-4527-9FF0-463AEC01A756}.AppStore|x86.Build.0 = Release|Any CPU
		{20CC177B-E4EA-4527-9FF0-463AEC01A756}.AppStore|x86.Deploy.0 = Release|Any CPU
		{20CC177B-E4EA-4527-9FF0-463AEC01A756}.Debug|Any CPU.ActiveCfg = Debug|Any CPU
		{20CC177B-E4EA-4527-9FF0-463AEC01A756}.Debug|Any CPU.Build.0 = Debug|Any CPU
		{20CC177B-E4EA-4527-9FF0-463AEC01A756}.Debug|Any CPU.Deploy.0 = Debug|Any CPU
		{20CC177B-E4EA-4527-9FF0-463AEC01A756}.Debug|ARM.ActiveCfg = Debug|Any CPU
		{20CC177B-E4EA-4527-9FF0-463AEC01A756}.Debug|ARM.Build.0 = Debug|Any CPU
		{20CC177B-E4EA-4527-9FF0-463AEC01A756}.Debug|ARM.Deploy.0 = Debug|Any CPU
		{20CC177B-E4EA-4527-9FF0-463AEC01A756}.Debug|iPhone.ActiveCfg = Debug|Any CPU
		{20CC177B-E4EA-4527-9FF0-463AEC01A756}.Debug|iPhone.Build.0 = Debug|Any CPU
		{20CC177B-E4EA-4527-9FF0-463AEC01A756}.Debug|iPhone.Deploy.0 = Debug|Any CPU
		{20CC177B-E4EA-4527-9FF0-463AEC01A756}.Debug|iPhoneSimulator.ActiveCfg = Debug|Any CPU
		{20CC177B-E4EA-4527-9FF0-463AEC01A756}.Debug|iPhoneSimulator.Build.0 = Debug|Any CPU
		{20CC177B-E4EA-4527-9FF0-463AEC01A756}.Debug|iPhoneSimulator.Deploy.0 = Debug|Any CPU
		{20CC177B-E4EA-4527-9FF0-463AEC01A756}.Debug|x64.ActiveCfg = Debug|Any CPU
		{20CC177B-E4EA-4527-9FF0-463AEC01A756}.Debug|x64.Build.0 = Debug|Any CPU
		{20CC177B-E4EA-4527-9FF0-463AEC01A756}.Debug|x64.Deploy.0 = Debug|Any CPU
		{20CC177B-E4EA-4527-9FF0-463AEC01A756}.Debug|x86.ActiveCfg = Debug|Any CPU
		{20CC177B-E4EA-4527-9FF0-463AEC01A756}.Debug|x86.Build.0 = Debug|Any CPU
		{20CC177B-E4EA-4527-9FF0-463AEC01A756}.Debug|x86.Deploy.0 = Debug|Any CPU
		{20CC177B-E4EA-4527-9FF0-463AEC01A756}.Release|Any CPU.ActiveCfg = Release|Any CPU
		{20CC177B-E4EA-4527-9FF0-463AEC01A756}.Release|Any CPU.Build.0 = Release|Any CPU
		{20CC177B-E4EA-4527-9FF0-463AEC01A756}.Release|Any CPU.Deploy.0 = Release|Any CPU
		{20CC177B-E4EA-4527-9FF0-463AEC01A756}.Release|ARM.ActiveCfg = Release|Any CPU
		{20CC177B-E4EA-4527-9FF0-463AEC01A756}.Release|ARM.Build.0 = Release|Any CPU
		{20CC177B-E4EA-4527-9FF0-463AEC01A756}.Release|ARM.Deploy.0 = Release|Any CPU
		{20CC177B-E4EA-4527-9FF0-463AEC01A756}.Release|iPhone.ActiveCfg = Release|Any CPU
		{20CC177B-E4EA-4527-9FF0-463AEC01A756}.Release|iPhone.Build.0 = Release|Any CPU
		{20CC177B-E4EA-4527-9FF0-463AEC01A756}.Release|iPhone.Deploy.0 = Release|Any CPU
		{20CC177B-E4EA-4527-9FF0-463AEC01A756}.Release|iPhoneSimulator.ActiveCfg = Release|Any CPU
		{20CC177B-E4EA-4527-9FF0-463AEC01A756}.Release|iPhoneSimulator.Build.0 = Release|Any CPU
		{20CC177B-E4EA-4527-9FF0-463AEC01A756}.Release|iPhoneSimulator.Deploy.0 = Release|Any CPU
		{20CC177B-E4EA-4527-9FF0-463AEC01A756}.Release|x64.ActiveCfg = Release|Any CPU
		{20CC177B-E4EA-4527-9FF0-463AEC01A756}.Release|x64.Build.0 = Release|Any CPU
		{20CC177B-E4EA-4527-9FF0-463AEC01A756}.Release|x64.Deploy.0 = Release|Any CPU
		{20CC177B-E4EA-4527-9FF0-463AEC01A756}.Release|x86.ActiveCfg = Release|Any CPU
		{20CC177B-E4EA-4527-9FF0-463AEC01A756}.Release|x86.Build.0 = Release|Any CPU
		{20CC177B-E4EA-4527-9FF0-463AEC01A756}.Release|x86.Deploy.0 = Release|Any CPU
		{59EB3F55-EF92-45A1-A6F0-9C8190741774}.Ad-Hoc|Any CPU.ActiveCfg = Ad-Hoc|iPhone
		{59EB3F55-EF92-45A1-A6F0-9C8190741774}.Ad-Hoc|ARM.ActiveCfg = Ad-Hoc|iPhone
		{59EB3F55-EF92-45A1-A6F0-9C8190741774}.Ad-Hoc|iPhone.ActiveCfg = Ad-Hoc|iPhone
		{59EB3F55-EF92-45A1-A6F0-9C8190741774}.Ad-Hoc|iPhone.Build.0 = Ad-Hoc|iPhone
		{59EB3F55-EF92-45A1-A6F0-9C8190741774}.Ad-Hoc|iPhoneSimulator.ActiveCfg = Ad-Hoc|iPhoneSimulator
		{59EB3F55-EF92-45A1-A6F0-9C8190741774}.Ad-Hoc|iPhoneSimulator.Build.0 = Ad-Hoc|iPhoneSimulator
		{59EB3F55-EF92-45A1-A6F0-9C8190741774}.Ad-Hoc|x64.ActiveCfg = Ad-Hoc|iPhone
		{59EB3F55-EF92-45A1-A6F0-9C8190741774}.Ad-Hoc|x86.ActiveCfg = Ad-Hoc|iPhone
		{59EB3F55-EF92-45A1-A6F0-9C8190741774}.AppStore|Any CPU.ActiveCfg = AppStore|iPhone
		{59EB3F55-EF92-45A1-A6F0-9C8190741774}.AppStore|ARM.ActiveCfg = AppStore|iPhone
		{59EB3F55-EF92-45A1-A6F0-9C8190741774}.AppStore|iPhone.ActiveCfg = AppStore|iPhone
		{59EB3F55-EF92-45A1-A6F0-9C8190741774}.AppStore|iPhone.Build.0 = AppStore|iPhone
		{59EB3F55-EF92-45A1-A6F0-9C8190741774}.AppStore|iPhoneSimulator.ActiveCfg = AppStore|iPhoneSimulator
		{59EB3F55-EF92-45A1-A6F0-9C8190741774}.AppStore|iPhoneSimulator.Build.0 = AppStore|iPhoneSimulator
		{59EB3F55-EF92-45A1-A6F0-9C8190741774}.AppStore|x64.ActiveCfg = AppStore|iPhone
		{59EB3F55-EF92-45A1-A6F0-9C8190741774}.AppStore|x86.ActiveCfg = AppStore|iPhone
		{59EB3F55-EF92-45A1-A6F0-9C8190741774}.Debug|Any CPU.ActiveCfg = Debug|iPhone
		{59EB3F55-EF92-45A1-A6F0-9C8190741774}.Debug|ARM.ActiveCfg = Debug|iPhone
		{59EB3F55-EF92-45A1-A6F0-9C8190741774}.Debug|iPhone.ActiveCfg = Debug|iPhone
		{59EB3F55-EF92-45A1-A6F0-9C8190741774}.Debug|iPhone.Build.0 = Debug|iPhone
		{59EB3F55-EF92-45A1-A6F0-9C8190741774}.Debug|iPhoneSimulator.ActiveCfg = Debug|iPhoneSimulator
		{59EB3F55-EF92-45A1-A6F0-9C8190741774}.Debug|iPhoneSimulator.Build.0 = Debug|iPhoneSimulator
		{59EB3F55-EF92-45A1-A6F0-9C8190741774}.Debug|x64.ActiveCfg = Debug|iPhone
		{59EB3F55-EF92-45A1-A6F0-9C8190741774}.Debug|x86.ActiveCfg = Debug|iPhone
		{59EB3F55-EF92-45A1-A6F0-9C8190741774}.Release|Any CPU.ActiveCfg = Release|iPhone
		{59EB3F55-EF92-45A1-A6F0-9C8190741774}.Release|ARM.ActiveCfg = Release|iPhone
		{59EB3F55-EF92-45A1-A6F0-9C8190741774}.Release|iPhone.ActiveCfg = Release|iPhone
		{59EB3F55-EF92-45A1-A6F0-9C8190741774}.Release|iPhone.Build.0 = Release|iPhone
		{59EB3F55-EF92-45A1-A6F0-9C8190741774}.Release|iPhoneSimulator.ActiveCfg = Release|iPhoneSimulator
		{59EB3F55-EF92-45A1-A6F0-9C8190741774}.Release|iPhoneSimulator.Build.0 = Release|iPhoneSimulator
		{59EB3F55-EF92-45A1-A6F0-9C8190741774}.Release|x64.ActiveCfg = Release|iPhone
		{59EB3F55-EF92-45A1-A6F0-9C8190741774}.Release|x86.ActiveCfg = Release|iPhone
		{756E5E4A-A4A9-4E25-BEAD-DDFA805E1655}.Ad-Hoc|Any CPU.ActiveCfg = Release|x86
		{756E5E4A-A4A9-4E25-BEAD-DDFA805E1655}.Ad-Hoc|Any CPU.Build.0 = Release|x86
		{756E5E4A-A4A9-4E25-BEAD-DDFA805E1655}.Ad-Hoc|Any CPU.Deploy.0 = Release|x86
		{756E5E4A-A4A9-4E25-BEAD-DDFA805E1655}.Ad-Hoc|ARM.ActiveCfg = Release|ARM
		{756E5E4A-A4A9-4E25-BEAD-DDFA805E1655}.Ad-Hoc|ARM.Build.0 = Release|ARM
		{756E5E4A-A4A9-4E25-BEAD-DDFA805E1655}.Ad-Hoc|ARM.Deploy.0 = Release|ARM
		{756E5E4A-A4A9-4E25-BEAD-DDFA805E1655}.Ad-Hoc|iPhone.ActiveCfg = Release|x86
		{756E5E4A-A4A9-4E25-BEAD-DDFA805E1655}.Ad-Hoc|iPhone.Build.0 = Release|x86
		{756E5E4A-A4A9-4E25-BEAD-DDFA805E1655}.Ad-Hoc|iPhone.Deploy.0 = Release|x86
		{756E5E4A-A4A9-4E25-BEAD-DDFA805E1655}.Ad-Hoc|iPhoneSimulator.ActiveCfg = Release|x86
		{756E5E4A-A4A9-4E25-BEAD-DDFA805E1655}.Ad-Hoc|iPhoneSimulator.Build.0 = Release|x86
		{756E5E4A-A4A9-4E25-BEAD-DDFA805E1655}.Ad-Hoc|iPhoneSimulator.Deploy.0 = Release|x86
		{756E5E4A-A4A9-4E25-BEAD-DDFA805E1655}.Ad-Hoc|x64.ActiveCfg = Release|x64
		{756E5E4A-A4A9-4E25-BEAD-DDFA805E1655}.Ad-Hoc|x64.Build.0 = Release|x64
		{756E5E4A-A4A9-4E25-BEAD-DDFA805E1655}.Ad-Hoc|x64.Deploy.0 = Release|x64
		{756E5E4A-A4A9-4E25-BEAD-DDFA805E1655}.Ad-Hoc|x86.ActiveCfg = Release|x86
		{756E5E4A-A4A9-4E25-BEAD-DDFA805E1655}.Ad-Hoc|x86.Build.0 = Release|x86
		{756E5E4A-A4A9-4E25-BEAD-DDFA805E1655}.Ad-Hoc|x86.Deploy.0 = Release|x86
		{756E5E4A-A4A9-4E25-BEAD-DDFA805E1655}.AppStore|Any CPU.ActiveCfg = Release|x86
		{756E5E4A-A4A9-4E25-BEAD-DDFA805E1655}.AppStore|Any CPU.Build.0 = Release|x86
		{756E5E4A-A4A9-4E25-BEAD-DDFA805E1655}.AppStore|Any CPU.Deploy.0 = Release|x86
		{756E5E4A-A4A9-4E25-BEAD-DDFA805E1655}.AppStore|ARM.ActiveCfg = Release|ARM
		{756E5E4A-A4A9-4E25-BEAD-DDFA805E1655}.AppStore|ARM.Build.0 = Release|ARM
		{756E5E4A-A4A9-4E25-BEAD-DDFA805E1655}.AppStore|ARM.Deploy.0 = Release|ARM
		{756E5E4A-A4A9-4E25-BEAD-DDFA805E1655}.AppStore|iPhone.ActiveCfg = Release|x86
		{756E5E4A-A4A9-4E25-BEAD-DDFA805E1655}.AppStore|iPhone.Build.0 = Release|x86
		{756E5E4A-A4A9-4E25-BEAD-DDFA805E1655}.AppStore|iPhone.Deploy.0 = Release|x86
		{756E5E4A-A4A9-4E25-BEAD-DDFA805E1655}.AppStore|iPhoneSimulator.ActiveCfg = Release|x86
		{756E5E4A-A4A9-4E25-BEAD-DDFA805E1655}.AppStore|iPhoneSimulator.Build.0 = Release|x86
		{756E5E4A-A4A9-4E25-BEAD-DDFA805E1655}.AppStore|iPhoneSimulator.Deploy.0 = Release|x86
		{756E5E4A-A4A9-4E25-BEAD-DDFA805E1655}.AppStore|x64.ActiveCfg = Release|x64
		{756E5E4A-A4A9-4E25-BEAD-DDFA805E1655}.AppStore|x64.Build.0 = Release|x64
		{756E5E4A-A4A9-4E25-BEAD-DDFA805E1655}.AppStore|x64.Deploy.0 = Release|x64
		{756E5E4A-A4A9-4E25-BEAD-DDFA805E1655}.AppStore|x86.ActiveCfg = Release|x86
		{756E5E4A-A4A9-4E25-BEAD-DDFA805E1655}.AppStore|x86.Build.0 = Release|x86
		{756E5E4A-A4A9-4E25-BEAD-DDFA805E1655}.AppStore|x86.Deploy.0 = Release|x86
		{756E5E4A-A4A9-4E25-BEAD-DDFA805E1655}.Debug|Any CPU.ActiveCfg = Debug|x86
		{756E5E4A-A4A9-4E25-BEAD-DDFA805E1655}.Debug|ARM.ActiveCfg = Debug|ARM
		{756E5E4A-A4A9-4E25-BEAD-DDFA805E1655}.Debug|ARM.Build.0 = Debug|ARM
		{756E5E4A-A4A9-4E25-BEAD-DDFA805E1655}.Debug|ARM.Deploy.0 = Debug|ARM
		{756E5E4A-A4A9-4E25-BEAD-DDFA805E1655}.Debug|iPhone.ActiveCfg = Debug|x86
		{756E5E4A-A4A9-4E25-BEAD-DDFA805E1655}.Debug|iPhoneSimulator.ActiveCfg = Debug|x86
		{756E5E4A-A4A9-4E25-BEAD-DDFA805E1655}.Debug|x64.ActiveCfg = Debug|x64
		{756E5E4A-A4A9-4E25-BEAD-DDFA805E1655}.Debug|x64.Build.0 = Debug|x64
		{756E5E4A-A4A9-4E25-BEAD-DDFA805E1655}.Debug|x64.Deploy.0 = Debug|x64
		{756E5E4A-A4A9-4E25-BEAD-DDFA805E1655}.Debug|x86.ActiveCfg = Debug|x86
		{756E5E4A-A4A9-4E25-BEAD-DDFA805E1655}.Debug|x86.Build.0 = Debug|x86
		{756E5E4A-A4A9-4E25-BEAD-DDFA805E1655}.Debug|x86.Deploy.0 = Debug|x86
		{756E5E4A-A4A9-4E25-BEAD-DDFA805E1655}.Release|Any CPU.ActiveCfg = Release|x86
		{756E5E4A-A4A9-4E25-BEAD-DDFA805E1655}.Release|ARM.ActiveCfg = Release|ARM
		{756E5E4A-A4A9-4E25-BEAD-DDFA805E1655}.Release|ARM.Build.0 = Release|ARM
		{756E5E4A-A4A9-4E25-BEAD-DDFA805E1655}.Release|ARM.Deploy.0 = Release|ARM
		{756E5E4A-A4A9-4E25-BEAD-DDFA805E1655}.Release|iPhone.ActiveCfg = Release|x86
		{756E5E4A-A4A9-4E25-BEAD-DDFA805E1655}.Release|iPhoneSimulator.ActiveCfg = Release|x86
		{756E5E4A-A4A9-4E25-BEAD-DDFA805E1655}.Release|x64.ActiveCfg = Release|x64
		{756E5E4A-A4A9-4E25-BEAD-DDFA805E1655}.Release|x64.Build.0 = Release|x64
		{756E5E4A-A4A9-4E25-BEAD-DDFA805E1655}.Release|x64.Deploy.0 = Release|x64
		{756E5E4A-A4A9-4E25-BEAD-DDFA805E1655}.Release|x86.ActiveCfg = Release|x86
		{756E5E4A-A4A9-4E25-BEAD-DDFA805E1655}.Release|x86.Build.0 = Release|x86
		{756E5E4A-A4A9-4E25-BEAD-DDFA805E1655}.Release|x86.Deploy.0 = Release|x86
		{824E981A-1AE5-43FA-B3A2-F1C1C2E21F4F}.Ad-Hoc|Any CPU.ActiveCfg = Release|Any CPU
		{824E981A-1AE5-43FA-B3A2-F1C1C2E21F4F}.Ad-Hoc|Any CPU.Build.0 = Release|Any CPU
		{824E981A-1AE5-43FA-B3A2-F1C1C2E21F4F}.Ad-Hoc|ARM.ActiveCfg = Release|Any CPU
		{824E981A-1AE5-43FA-B3A2-F1C1C2E21F4F}.Ad-Hoc|ARM.Build.0 = Release|Any CPU
		{824E981A-1AE5-43FA-B3A2-F1C1C2E21F4F}.Ad-Hoc|iPhone.ActiveCfg = Release|Any CPU
		{824E981A-1AE5-43FA-B3A2-F1C1C2E21F4F}.Ad-Hoc|iPhone.Build.0 = Release|Any CPU
		{824E981A-1AE5-43FA-B3A2-F1C1C2E21F4F}.Ad-Hoc|iPhoneSimulator.ActiveCfg = Release|Any CPU
		{824E981A-1AE5-43FA-B3A2-F1C1C2E21F4F}.Ad-Hoc|iPhoneSimulator.Build.0 = Release|Any CPU
		{824E981A-1AE5-43FA-B3A2-F1C1C2E21F4F}.Ad-Hoc|x64.ActiveCfg = Release|Any CPU
		{824E981A-1AE5-43FA-B3A2-F1C1C2E21F4F}.Ad-Hoc|x64.Build.0 = Release|Any CPU
		{824E981A-1AE5-43FA-B3A2-F1C1C2E21F4F}.Ad-Hoc|x86.ActiveCfg = Release|Any CPU
		{824E981A-1AE5-43FA-B3A2-F1C1C2E21F4F}.Ad-Hoc|x86.Build.0 = Release|Any CPU
		{824E981A-1AE5-43FA-B3A2-F1C1C2E21F4F}.AppStore|Any CPU.ActiveCfg = Release|Any CPU
		{824E981A-1AE5-43FA-B3A2-F1C1C2E21F4F}.AppStore|Any CPU.Build.0 = Release|Any CPU
		{824E981A-1AE5-43FA-B3A2-F1C1C2E21F4F}.AppStore|ARM.ActiveCfg = Release|Any CPU
		{824E981A-1AE5-43FA-B3A2-F1C1C2E21F4F}.AppStore|ARM.Build.0 = Release|Any CPU
		{824E981A-1AE5-43FA-B3A2-F1C1C2E21F4F}.AppStore|iPhone.ActiveCfg = Release|Any CPU
		{824E981A-1AE5-43FA-B3A2-F1C1C2E21F4F}.AppStore|iPhone.Build.0 = Release|Any CPU
		{824E981A-1AE5-43FA-B3A2-F1C1C2E21F4F}.AppStore|iPhoneSimulator.ActiveCfg = Release|Any CPU
		{824E981A-1AE5-43FA-B3A2-F1C1C2E21F4F}.AppStore|iPhoneSimulator.Build.0 = Release|Any CPU
		{824E981A-1AE5-43FA-B3A2-F1C1C2E21F4F}.AppStore|x64.ActiveCfg = Release|Any CPU
		{824E981A-1AE5-43FA-B3A2-F1C1C2E21F4F}.AppStore|x64.Build.0 = Release|Any CPU
		{824E981A-1AE5-43FA-B3A2-F1C1C2E21F4F}.AppStore|x86.ActiveCfg = Release|Any CPU
		{824E981A-1AE5-43FA-B3A2-F1C1C2E21F4F}.AppStore|x86.Build.0 = Release|Any CPU
		{824E981A-1AE5-43FA-B3A2-F1C1C2E21F4F}.Debug|Any CPU.ActiveCfg = Debug|Any CPU
		{824E981A-1AE5-43FA-B3A2-F1C1C2E21F4F}.Debug|Any CPU.Build.0 = Debug|Any CPU
		{824E981A-1AE5-43FA-B3A2-F1C1C2E21F4F}.Debug|ARM.ActiveCfg = Debug|Any CPU
		{824E981A-1AE5-43FA-B3A2-F1C1C2E21F4F}.Debug|ARM.Build.0 = Debug|Any CPU
		{824E981A-1AE5-43FA-B3A2-F1C1C2E21F4F}.Debug|iPhone.ActiveCfg = Debug|Any CPU
		{824E981A-1AE5-43FA-B3A2-F1C1C2E21F4F}.Debug|iPhone.Build.0 = Debug|Any CPU
		{824E981A-1AE5-43FA-B3A2-F1C1C2E21F4F}.Debug|iPhoneSimulator.ActiveCfg = Debug|Any CPU
		{824E981A-1AE5-43FA-B3A2-F1C1C2E21F4F}.Debug|iPhoneSimulator.Build.0 = Debug|Any CPU
		{824E981A-1AE5-43FA-B3A2-F1C1C2E21F4F}.Debug|x64.ActiveCfg = Debug|Any CPU
		{824E981A-1AE5-43FA-B3A2-F1C1C2E21F4F}.Debug|x64.Build.0 = Debug|Any CPU
		{824E981A-1AE5-43FA-B3A2-F1C1C2E21F4F}.Debug|x86.ActiveCfg = Debug|Any CPU
		{824E981A-1AE5-43FA-B3A2-F1C1C2E21F4F}.Debug|x86.Build.0 = Debug|Any CPU
		{824E981A-1AE5-43FA-B3A2-F1C1C2E21F4F}.Release|Any CPU.ActiveCfg = Release|Any CPU
		{824E981A-1AE5-43FA-B3A2-F1C1C2E21F4F}.Release|Any CPU.Build.0 = Release|Any CPU
		{824E981A-1AE5-43FA-B3A2-F1C1C2E21F4F}.Release|ARM.ActiveCfg = Release|Any CPU
		{824E981A-1AE5-43FA-B3A2-F1C1C2E21F4F}.Release|ARM.Build.0 = Release|Any CPU
		{824E981A-1AE5-43FA-B3A2-F1C1C2E21F4F}.Release|iPhone.ActiveCfg = Release|Any CPU
		{824E981A-1AE5-43FA-B3A2-F1C1C2E21F4F}.Release|iPhone.Build.0 = Release|Any CPU
		{824E981A-1AE5-43FA-B3A2-F1C1C2E21F4F}.Release|iPhoneSimulator.ActiveCfg = Release|Any CPU
		{824E981A-1AE5-43FA-B3A2-F1C1C2E21F4F}.Release|iPhoneSimulator.Build.0 = Release|Any CPU
		{824E981A-1AE5-43FA-B3A2-F1C1C2E21F4F}.Release|x64.ActiveCfg = Release|Any CPU
		{824E981A-1AE5-43FA-B3A2-F1C1C2E21F4F}.Release|x64.Build.0 = Release|Any CPU
		{824E981A-1AE5-43FA-B3A2-F1C1C2E21F4F}.Release|x86.ActiveCfg = Release|Any CPU
		{824E981A-1AE5-43FA-B3A2-F1C1C2E21F4F}.Release|x86.Build.0 = Release|Any CPU
		{F19FB80F-979C-4B2B-A2EA-1F67B312ECFD}.Ad-Hoc|Any CPU.ActiveCfg = Release|Any CPU
		{F19FB80F-979C-4B2B-A2EA-1F67B312ECFD}.Ad-Hoc|Any CPU.Build.0 = Release|Any CPU
		{F19FB80F-979C-4B2B-A2EA-1F67B312ECFD}.Ad-Hoc|ARM.ActiveCfg = Release|Any CPU
		{F19FB80F-979C-4B2B-A2EA-1F67B312ECFD}.Ad-Hoc|ARM.Build.0 = Release|Any CPU
		{F19FB80F-979C-4B2B-A2EA-1F67B312ECFD}.Ad-Hoc|iPhone.ActiveCfg = Release|Any CPU
		{F19FB80F-979C-4B2B-A2EA-1F67B312ECFD}.Ad-Hoc|iPhone.Build.0 = Release|Any CPU
		{F19FB80F-979C-4B2B-A2EA-1F67B312ECFD}.Ad-Hoc|iPhoneSimulator.ActiveCfg = Release|Any CPU
		{F19FB80F-979C-4B2B-A2EA-1F67B312ECFD}.Ad-Hoc|iPhoneSimulator.Build.0 = Release|Any CPU
		{F19FB80F-979C-4B2B-A2EA-1F67B312ECFD}.Ad-Hoc|x64.ActiveCfg = Release|Any CPU
		{F19FB80F-979C-4B2B-A2EA-1F67B312ECFD}.Ad-Hoc|x64.Build.0 = Release|Any CPU
		{F19FB80F-979C-4B2B-A2EA-1F67B312ECFD}.Ad-Hoc|x86.ActiveCfg = Release|Any CPU
		{F19FB80F-979C-4B2B-A2EA-1F67B312ECFD}.Ad-Hoc|x86.Build.0 = Release|Any CPU
		{F19FB80F-979C-4B2B-A2EA-1F67B312ECFD}.AppStore|Any CPU.ActiveCfg = Release|Any CPU
		{F19FB80F-979C-4B2B-A2EA-1F67B312ECFD}.AppStore|Any CPU.Build.0 = Release|Any CPU
		{F19FB80F-979C-4B2B-A2EA-1F67B312ECFD}.AppStore|ARM.ActiveCfg = Release|Any CPU
		{F19FB80F-979C-4B2B-A2EA-1F67B312ECFD}.AppStore|ARM.Build.0 = Release|Any CPU
		{F19FB80F-979C-4B2B-A2EA-1F67B312ECFD}.AppStore|iPhone.ActiveCfg = Release|Any CPU
		{F19FB80F-979C-4B2B-A2EA-1F67B312ECFD}.AppStore|iPhone.Build.0 = Release|Any CPU
		{F19FB80F-979C-4B2B-A2EA-1F67B312ECFD}.AppStore|iPhoneSimulator.ActiveCfg = Release|Any CPU
		{F19FB80F-979C-4B2B-A2EA-1F67B312ECFD}.AppStore|iPhoneSimulator.Build.0 = Release|Any CPU
		{F19FB80F-979C-4B2B-A2EA-1F67B312ECFD}.AppStore|x64.ActiveCfg = Release|Any CPU
		{F19FB80F-979C-4B2B-A2EA-1F67B312ECFD}.AppStore|x64.Build.0 = Release|Any CPU
		{F19FB80F-979C-4B2B-A2EA-1F67B312ECFD}.AppStore|x86.ActiveCfg = Release|Any CPU
		{F19FB80F-979C-4B2B-A2EA-1F67B312ECFD}.AppStore|x86.Build.0 = Release|Any CPU
		{F19FB80F-979C-4B2B-A2EA-1F67B312ECFD}.Debug|Any CPU.ActiveCfg = Debug|Any CPU
		{F19FB80F-979C-4B2B-A2EA-1F67B312ECFD}.Debug|Any CPU.Build.0 = Debug|Any CPU
		{F19FB80F-979C-4B2B-A2EA-1F67B312ECFD}.Debug|ARM.ActiveCfg = Debug|Any CPU
		{F19FB80F-979C-4B2B-A2EA-1F67B312ECFD}.Debug|ARM.Build.0 = Debug|Any CPU
		{F19FB80F-979C-4B2B-A2EA-1F67B312ECFD}.Debug|iPhone.ActiveCfg = Debug|Any CPU
		{F19FB80F-979C-4B2B-A2EA-1F67B312ECFD}.Debug|iPhone.Build.0 = Debug|Any CPU
		{F19FB80F-979C-4B2B-A2EA-1F67B312ECFD}.Debug|iPhoneSimulator.ActiveCfg = Debug|Any CPU
		{F19FB80F-979C-4B2B-A2EA-1F67B312ECFD}.Debug|iPhoneSimulator.Build.0 = Debug|Any CPU
		{F19FB80F-979C-4B2B-A2EA-1F67B312ECFD}.Debug|x64.ActiveCfg = Debug|Any CPU
		{F19FB80F-979C-4B2B-A2EA-1F67B312ECFD}.Debug|x64.Build.0 = Debug|Any CPU
		{F19FB80F-979C-4B2B-A2EA-1F67B312ECFD}.Debug|x86.ActiveCfg = Debug|Any CPU
		{F19FB80F-979C-4B2B-A2EA-1F67B312ECFD}.Debug|x86.Build.0 = Debug|Any CPU
		{F19FB80F-979C-4B2B-A2EA-1F67B312ECFD}.Release|Any CPU.ActiveCfg = Release|Any CPU
		{F19FB80F-979C-4B2B-A2EA-1F67B312ECFD}.Release|Any CPU.Build.0 = Release|Any CPU
		{F19FB80F-979C-4B2B-A2EA-1F67B312ECFD}.Release|ARM.ActiveCfg = Release|Any CPU
		{F19FB80F-979C-4B2B-A2EA-1F67B312ECFD}.Release|ARM.Build.0 = Release|Any CPU
		{F19FB80F-979C-4B2B-A2EA-1F67B312ECFD}.Release|iPhone.ActiveCfg = Release|Any CPU
		{F19FB80F-979C-4B2B-A2EA-1F67B312ECFD}.Release|iPhone.Build.0 = Release|Any CPU
		{F19FB80F-979C-4B2B-A2EA-1F67B312ECFD}.Release|iPhoneSimulator.ActiveCfg = Release|Any CPU
		{F19FB80F-979C-4B2B-A2EA-1F67B312ECFD}.Release|iPhoneSimulator.Build.0 = Release|Any CPU
		{F19FB80F-979C-4B2B-A2EA-1F67B312ECFD}.Release|x64.ActiveCfg = Release|Any CPU
		{F19FB80F-979C-4B2B-A2EA-1F67B312ECFD}.Release|x64.Build.0 = Release|Any CPU
		{F19FB80F-979C-4B2B-A2EA-1F67B312ECFD}.Release|x86.ActiveCfg = Release|Any CPU
		{F19FB80F-979C-4B2B-A2EA-1F67B312ECFD}.Release|x86.Build.0 = Release|Any CPU
		{28C462B2-1B92-4398-B02B-B5DF4295B120}.Ad-Hoc|Any CPU.ActiveCfg = Release|Any CPU
		{28C462B2-1B92-4398-B02B-B5DF4295B120}.Ad-Hoc|Any CPU.Build.0 = Release|Any CPU
		{28C462B2-1B92-4398-B02B-B5DF4295B120}.Ad-Hoc|ARM.ActiveCfg = Release|Any CPU
		{28C462B2-1B92-4398-B02B-B5DF4295B120}.Ad-Hoc|ARM.Build.0 = Release|Any CPU
		{28C462B2-1B92-4398-B02B-B5DF4295B120}.Ad-Hoc|iPhone.ActiveCfg = Release|Any CPU
		{28C462B2-1B92-4398-B02B-B5DF4295B120}.Ad-Hoc|iPhone.Build.0 = Release|Any CPU
		{28C462B2-1B92-4398-B02B-B5DF4295B120}.Ad-Hoc|iPhoneSimulator.ActiveCfg = Release|Any CPU
		{28C462B2-1B92-4398-B02B-B5DF4295B120}.Ad-Hoc|iPhoneSimulator.Build.0 = Release|Any CPU
		{28C462B2-1B92-4398-B02B-B5DF4295B120}.Ad-Hoc|x64.ActiveCfg = Release|Any CPU
		{28C462B2-1B92-4398-B02B-B5DF4295B120}.Ad-Hoc|x64.Build.0 = Release|Any CPU
		{28C462B2-1B92-4398-B02B-B5DF4295B120}.Ad-Hoc|x86.ActiveCfg = Release|Any CPU
		{28C462B2-1B92-4398-B02B-B5DF4295B120}.Ad-Hoc|x86.Build.0 = Release|Any CPU
		{28C462B2-1B92-4398-B02B-B5DF4295B120}.AppStore|Any CPU.ActiveCfg = Release|Any CPU
		{28C462B2-1B92-4398-B02B-B5DF4295B120}.AppStore|Any CPU.Build.0 = Release|Any CPU
		{28C462B2-1B92-4398-B02B-B5DF4295B120}.AppStore|ARM.ActiveCfg = Release|Any CPU
		{28C462B2-1B92-4398-B02B-B5DF4295B120}.AppStore|ARM.Build.0 = Release|Any CPU
		{28C462B2-1B92-4398-B02B-B5DF4295B120}.AppStore|iPhone.ActiveCfg = Release|Any CPU
		{28C462B2-1B92-4398-B02B-B5DF4295B120}.AppStore|iPhone.Build.0 = Release|Any CPU
		{28C462B2-1B92-4398-B02B-B5DF4295B120}.AppStore|iPhoneSimulator.ActiveCfg = Release|Any CPU
		{28C462B2-1B92-4398-B02B-B5DF4295B120}.AppStore|iPhoneSimulator.Build.0 = Release|Any CPU
		{28C462B2-1B92-4398-B02B-B5DF4295B120}.AppStore|x64.ActiveCfg = Release|Any CPU
		{28C462B2-1B92-4398-B02B-B5DF4295B120}.AppStore|x64.Build.0 = Release|Any CPU
		{28C462B2-1B92-4398-B02B-B5DF4295B120}.AppStore|x86.ActiveCfg = Release|Any CPU
		{28C462B2-1B92-4398-B02B-B5DF4295B120}.AppStore|x86.Build.0 = Release|Any CPU
		{28C462B2-1B92-4398-B02B-B5DF4295B120}.Debug|Any CPU.ActiveCfg = Debug|Any CPU
		{28C462B2-1B92-4398-B02B-B5DF4295B120}.Debug|Any CPU.Build.0 = Debug|Any CPU
		{28C462B2-1B92-4398-B02B-B5DF4295B120}.Debug|ARM.ActiveCfg = Debug|Any CPU
		{28C462B2-1B92-4398-B02B-B5DF4295B120}.Debug|ARM.Build.0 = Debug|Any CPU
		{28C462B2-1B92-4398-B02B-B5DF4295B120}.Debug|iPhone.ActiveCfg = Debug|Any CPU
		{28C462B2-1B92-4398-B02B-B5DF4295B120}.Debug|iPhone.Build.0 = Debug|Any CPU
		{28C462B2-1B92-4398-B02B-B5DF4295B120}.Debug|iPhoneSimulator.ActiveCfg = Debug|Any CPU
		{28C462B2-1B92-4398-B02B-B5DF4295B120}.Debug|iPhoneSimulator.Build.0 = Debug|Any CPU
		{28C462B2-1B92-4398-B02B-B5DF4295B120}.Debug|x64.ActiveCfg = Debug|Any CPU
		{28C462B2-1B92-4398-B02B-B5DF4295B120}.Debug|x64.Build.0 = Debug|Any CPU
		{28C462B2-1B92-4398-B02B-B5DF4295B120}.Debug|x86.ActiveCfg = Debug|Any CPU
		{28C462B2-1B92-4398-B02B-B5DF4295B120}.Debug|x86.Build.0 = Debug|Any CPU
		{28C462B2-1B92-4398-B02B-B5DF4295B120}.Release|Any CPU.ActiveCfg = Release|Any CPU
		{28C462B2-1B92-4398-B02B-B5DF4295B120}.Release|Any CPU.Build.0 = Release|Any CPU
		{28C462B2-1B92-4398-B02B-B5DF4295B120}.Release|ARM.ActiveCfg = Release|Any CPU
		{28C462B2-1B92-4398-B02B-B5DF4295B120}.Release|ARM.Build.0 = Release|Any CPU
		{28C462B2-1B92-4398-B02B-B5DF4295B120}.Release|iPhone.ActiveCfg = Release|Any CPU
		{28C462B2-1B92-4398-B02B-B5DF4295B120}.Release|iPhone.Build.0 = Release|Any CPU
		{28C462B2-1B92-4398-B02B-B5DF4295B120}.Release|iPhoneSimulator.ActiveCfg = Release|Any CPU
		{28C462B2-1B92-4398-B02B-B5DF4295B120}.Release|iPhoneSimulator.Build.0 = Release|Any CPU
		{28C462B2-1B92-4398-B02B-B5DF4295B120}.Release|x64.ActiveCfg = Release|Any CPU
		{28C462B2-1B92-4398-B02B-B5DF4295B120}.Release|x64.Build.0 = Release|Any CPU
		{28C462B2-1B92-4398-B02B-B5DF4295B120}.Release|x86.ActiveCfg = Release|Any CPU
		{28C462B2-1B92-4398-B02B-B5DF4295B120}.Release|x86.Build.0 = Release|Any CPU
		{68D8F35F-99F8-4493-A9D2-8BC28DD37150}.Ad-Hoc|Any CPU.ActiveCfg = Release|Any CPU
		{68D8F35F-99F8-4493-A9D2-8BC28DD37150}.Ad-Hoc|Any CPU.Build.0 = Release|Any CPU
		{68D8F35F-99F8-4493-A9D2-8BC28DD37150}.Ad-Hoc|ARM.ActiveCfg = Release|Any CPU
		{68D8F35F-99F8-4493-A9D2-8BC28DD37150}.Ad-Hoc|ARM.Build.0 = Release|Any CPU
		{68D8F35F-99F8-4493-A9D2-8BC28DD37150}.Ad-Hoc|iPhone.ActiveCfg = Release|Any CPU
		{68D8F35F-99F8-4493-A9D2-8BC28DD37150}.Ad-Hoc|iPhone.Build.0 = Release|Any CPU
		{68D8F35F-99F8-4493-A9D2-8BC28DD37150}.Ad-Hoc|iPhoneSimulator.ActiveCfg = Release|Any CPU
		{68D8F35F-99F8-4493-A9D2-8BC28DD37150}.Ad-Hoc|iPhoneSimulator.Build.0 = Release|Any CPU
		{68D8F35F-99F8-4493-A9D2-8BC28DD37150}.Ad-Hoc|x64.ActiveCfg = Release|Any CPU
		{68D8F35F-99F8-4493-A9D2-8BC28DD37150}.Ad-Hoc|x64.Build.0 = Release|Any CPU
		{68D8F35F-99F8-4493-A9D2-8BC28DD37150}.Ad-Hoc|x86.ActiveCfg = Release|Any CPU
		{68D8F35F-99F8-4493-A9D2-8BC28DD37150}.Ad-Hoc|x86.Build.0 = Release|Any CPU
		{68D8F35F-99F8-4493-A9D2-8BC28DD37150}.AppStore|Any CPU.ActiveCfg = Release|Any CPU
		{68D8F35F-99F8-4493-A9D2-8BC28DD37150}.AppStore|Any CPU.Build.0 = Release|Any CPU
		{68D8F35F-99F8-4493-A9D2-8BC28DD37150}.AppStore|ARM.ActiveCfg = Release|Any CPU
		{68D8F35F-99F8-4493-A9D2-8BC28DD37150}.AppStore|ARM.Build.0 = Release|Any CPU
		{68D8F35F-99F8-4493-A9D2-8BC28DD37150}.AppStore|iPhone.ActiveCfg = Release|Any CPU
		{68D8F35F-99F8-4493-A9D2-8BC28DD37150}.AppStore|iPhone.Build.0 = Release|Any CPU
		{68D8F35F-99F8-4493-A9D2-8BC28DD37150}.AppStore|iPhoneSimulator.ActiveCfg = Release|Any CPU
		{68D8F35F-99F8-4493-A9D2-8BC28DD37150}.AppStore|iPhoneSimulator.Build.0 = Release|Any CPU
		{68D8F35F-99F8-4493-A9D2-8BC28DD37150}.AppStore|x64.ActiveCfg = Release|Any CPU
		{68D8F35F-99F8-4493-A9D2-8BC28DD37150}.AppStore|x64.Build.0 = Release|Any CPU
		{68D8F35F-99F8-4493-A9D2-8BC28DD37150}.AppStore|x86.ActiveCfg = Release|Any CPU
		{68D8F35F-99F8-4493-A9D2-8BC28DD37150}.AppStore|x86.Build.0 = Release|Any CPU
		{68D8F35F-99F8-4493-A9D2-8BC28DD37150}.Debug|Any CPU.ActiveCfg = Debug|Any CPU
		{68D8F35F-99F8-4493-A9D2-8BC28DD37150}.Debug|Any CPU.Build.0 = Debug|Any CPU
		{68D8F35F-99F8-4493-A9D2-8BC28DD37150}.Debug|ARM.ActiveCfg = Debug|Any CPU
		{68D8F35F-99F8-4493-A9D2-8BC28DD37150}.Debug|ARM.Build.0 = Debug|Any CPU
		{68D8F35F-99F8-4493-A9D2-8BC28DD37150}.Debug|iPhone.ActiveCfg = Debug|Any CPU
		{68D8F35F-99F8-4493-A9D2-8BC28DD37150}.Debug|iPhone.Build.0 = Debug|Any CPU
		{68D8F35F-99F8-4493-A9D2-8BC28DD37150}.Debug|iPhoneSimulator.ActiveCfg = Debug|Any CPU
		{68D8F35F-99F8-4493-A9D2-8BC28DD37150}.Debug|iPhoneSimulator.Build.0 = Debug|Any CPU
		{68D8F35F-99F8-4493-A9D2-8BC28DD37150}.Debug|x64.ActiveCfg = Debug|Any CPU
		{68D8F35F-99F8-4493-A9D2-8BC28DD37150}.Debug|x64.Build.0 = Debug|Any CPU
		{68D8F35F-99F8-4493-A9D2-8BC28DD37150}.Debug|x86.ActiveCfg = Debug|Any CPU
		{68D8F35F-99F8-4493-A9D2-8BC28DD37150}.Debug|x86.Build.0 = Debug|Any CPU
		{68D8F35F-99F8-4493-A9D2-8BC28DD37150}.Release|Any CPU.ActiveCfg = Release|Any CPU
		{68D8F35F-99F8-4493-A9D2-8BC28DD37150}.Release|Any CPU.Build.0 = Release|Any CPU
		{68D8F35F-99F8-4493-A9D2-8BC28DD37150}.Release|ARM.ActiveCfg = Release|Any CPU
		{68D8F35F-99F8-4493-A9D2-8BC28DD37150}.Release|ARM.Build.0 = Release|Any CPU
		{68D8F35F-99F8-4493-A9D2-8BC28DD37150}.Release|iPhone.ActiveCfg = Release|Any CPU
		{68D8F35F-99F8-4493-A9D2-8BC28DD37150}.Release|iPhone.Build.0 = Release|Any CPU
		{68D8F35F-99F8-4493-A9D2-8BC28DD37150}.Release|iPhoneSimulator.ActiveCfg = Release|Any CPU
		{68D8F35F-99F8-4493-A9D2-8BC28DD37150}.Release|iPhoneSimulator.Build.0 = Release|Any CPU
		{68D8F35F-99F8-4493-A9D2-8BC28DD37150}.Release|x64.ActiveCfg = Release|Any CPU
		{68D8F35F-99F8-4493-A9D2-8BC28DD37150}.Release|x64.Build.0 = Release|Any CPU
		{68D8F35F-99F8-4493-A9D2-8BC28DD37150}.Release|x86.ActiveCfg = Release|Any CPU
		{68D8F35F-99F8-4493-A9D2-8BC28DD37150}.Release|x86.Build.0 = Release|Any CPU
	EndGlobalSection
	GlobalSection(SolutionProperties) = preSolution
		HideSolutionNode = FALSE
	EndGlobalSection
	GlobalSection(ExtensibilityGlobals) = postSolution
		SolutionGuid = {B0419493-8392-477B-9E32-07E1907C86D7}
	EndGlobalSection
EndGlobal
